# This file is generated by running "yarn install" inside your project.
# Manual changes might be lost - proceed with caution!

__metadata:
  version: 6
  cacheKey: 8

"@types/node@npm:^20.9.0":
  version: 20.9.0
  resolution: "@types/node@npm:20.9.0"
  dependencies:
    undici-types: ~5.26.4
  checksum: bfd927da6bff8a32051fa44bb47ca32a56d2c8bc8ba0170770f181cc1fa3c0b05863c9b930f0ba8604a48d5eb0d319166601709ca53bf2deae0025d8b6c6b8a3
  languageName: node
  linkType: hard

"example-1@workspace:.":
  version: 0.0.0-use.local
  resolution: "example-1@workspace:."
  dependencies:
    "@types/node": ^20.9.0
    ts-results-es: ^4.1.0-alpha.1
    typescript: ^5.2.2
  languageName: unknown
  linkType: soft

"ts-results-es@npm:^4.1.0-alpha.1":
  version: 4.1.0-alpha.1
  resolution: "ts-results-es@npm:4.1.0-alpha.1"
  checksum: b02ffdbf9d5b825aa531ffdf21c3a994bb80159f4e9415628a390d81654e4d2ec9c9b9653d207a3c5e0846be5a535ec1298d235992e988d88ece23684fdb4291
  languageName: node
  linkType: hard

"typescript@npm:^5.2.2":
  version: 5.2.2
  resolution: "typescript@npm:5.2.2"
  bin:
    tsc: bin/tsc
    tsserver: bin/tsserver
  checksum: 7912821dac4d962d315c36800fe387cdc0a6298dba7ec171b350b4a6e988b51d7b8f051317786db1094bd7431d526b648aba7da8236607febb26cf5b871d2d3c
  languageName: node
  linkType: hard

"typescript@patch:typescript@^5.2.2#~builtin<compat/typescript>":
  version: 5.2.2
  resolution: "typescript@patch:typescript@npm%3A5.2.2#~builtin<compat/typescript>::version=5.2.2&hash=f3b441"
  bin:
    tsc: bin/tsc
    tsserver: bin/tsserver
  checksum: 0f4da2f15e6f1245e49db15801dbee52f2bbfb267e1c39225afdab5afee1a72839cd86000e65ee9d7e4dfaff12239d28beaf5ee431357fcced15fb08583d72ca
  languageName: node
  linkType: hard

"undici-types@npm:~5.26.4":
  version: 5.26.5
  resolution: "undici-types@npm:5.26.5"
  checksum: 3192ef6f3fd5df652f2dc1cd782b49d6ff14dc98e5dced492aa8a8c65425227da5da6aafe22523c67f035a272c599bb89cfe803c1db6311e44bed3042fc25487
  languageName: node
  linkType: hard
